// !$*UTF8*$!
{
	archiveVersion = 1;
	classes = {
	};
	objectVersion = 50;
	objects = {

/* Begin PBXBuildFile section */
		8909CE1E24A554B100B415CC /* AppDelegate.swift in Sources */ = {isa = PBXBuildFile; fileRef = 8909CE1D24A554B100B415CC /* AppDelegate.swift */; };
		8909CE2024A554B100B415CC /* SceneDelegate.swift in Sources */ = {isa = PBXBuildFile; fileRef = 8909CE1F24A554B100B415CC /* SceneDelegate.swift */; };
		8909CE2224A554B100B415CC /* TodoListViewController.swift in Sources */ = {isa = PBXBuildFile; fileRef = 8909CE2124A554B100B415CC /* TodoListViewController.swift */; };
		8909CE2524A554B100B415CC /* Main.storyboard in Resources */ = {isa = PBXBuildFile; fileRef = 8909CE2324A554B100B415CC /* Main.storyboard */; };
		8909CE2724A554B200B415CC /* Assets.xcassets in Resources */ = {isa = PBXBuildFile; fileRef = 8909CE2624A554B200B415CC /* Assets.xcassets */; };
		8909CE2A24A554B200B415CC /* LaunchScreen.storyboard in Resources */ = {isa = PBXBuildFile; fileRef = 8909CE2824A554B200B415CC /* LaunchScreen.storyboard */; };
		8924535924A6271200CBEA6F /* DataModel.xcdatamodeld in Sources */ = {isa = PBXBuildFile; fileRef = 8924535724A6271200CBEA6F /* DataModel.xcdatamodeld */; };
		8924535B24A63FF100CBEA6F /* CategoryViewController.swift in Sources */ = {isa = PBXBuildFile; fileRef = 8924535A24A63FF100CBEA6F /* CategoryViewController.swift */; };
/* End PBXBuildFile section */

/* Begin PBXFileReference section */
		8909CE1A24A554B000B415CC /* Todoey.app */ = {isa = PBXFileReference; explicitFileType = wrapper.application; includeInIndex = 0; path = Todoey.app; sourceTree = BUILT_PRODUCTS_DIR; };
		8909CE1D24A554B100B415CC /* AppDelegate.swift */ = {isa = PBXFileReference; lastKnownFileType = sourcecode.swift; path = AppDelegate.swift; sourceTree = "<group>"; };
		8909CE1F24A554B100B415CC /* SceneDelegate.swift */ = {isa = PBXFileReference; lastKnownFileType = sourcecode.swift; path = SceneDelegate.swift; sourceTree = "<group>"; };
		8909CE2124A554B100B415CC /* TodoListViewController.swift */ = {isa = PBXFileReference; lastKnownFileType = sourcecode.swift; path = TodoListViewController.swift; sourceTree = "<group>"; };
		8909CE2424A554B100B415CC /* Base */ = {isa = PBXFileReference; lastKnownFileType = file.storyboard; name = Base; path = Base.lproj/Main.storyboard; sourceTree = "<group>"; };
		8909CE2624A554B200B415CC /* Assets.xcassets */ = {isa = PBXFileReference; lastKnownFileType = folder.assetcatalog; path = Assets.xcassets; sourceTree = "<group>"; };
		8909CE2924A554B200B415CC /* Base */ = {isa = PBXFileReference; lastKnownFileType = file.storyboard; name = Base; path = Base.lproj/LaunchScreen.storyboard; sourceTree = "<group>"; };
		8909CE2B24A554B200B415CC /* Info.plist */ = {isa = PBXFileReference; lastKnownFileType = text.plist.xml; path = Info.plist; sourceTree = "<group>"; };
		8924535824A6271200CBEA6F /* DataModel.xcdatamodel */ = {isa = PBXFileReference; lastKnownFileType = wrapper.xcdatamodel; path = DataModel.xcdatamodel; sourceTree = "<group>"; };
		8924535A24A63FF100CBEA6F /* CategoryViewController.swift */ = {isa = PBXFileReference; lastKnownFileType = sourcecode.swift; path = CategoryViewController.swift; sourceTree = "<group>"; };
/* End PBXFileReference section */

/* Begin PBXFrameworksBuildPhase section */
		8909CE1724A554B000B415CC /* Frameworks */ = {
			isa = PBXFrameworksBuildPhase;
			buildActionMask = 2147483647;
			files = (
			);
			runOnlyForDeploymentPostprocessing = 0;
		};
/* End PBXFrameworksBuildPhase section */

/* Begin PBXGroup section */
		8909CE1124A554B000B415CC = {
			isa = PBXGroup;
			children = (
				8909CE1C24A554B000B415CC /* Todoey */,
				8909CE1B24A554B000B415CC /* Products */,
			);
			sourceTree = "<group>";
		};
		8909CE1B24A554B000B415CC /* Products */ = {
			isa = PBXGroup;
			children = (
				8909CE1A24A554B000B415CC /* Todoey.app */,
			);
			name = Products;
			sourceTree = "<group>";
		};
		8909CE1C24A554B000B415CC /* Todoey */ = {
			isa = PBXGroup;
			children = (
				8909CE1D24A554B100B415CC /* AppDelegate.swift */,
				8909CE1F24A554B100B415CC /* SceneDelegate.swift */,
				899439B224A56D46005EB130 /* Controller */,
				899439B124A56D38005EB130 /* Model */,
				899439B324A56D53005EB130 /* View */,
				899439B424A56D63005EB130 /* Supporting Files */,
				8909CE2B24A554B200B415CC /* Info.plist */,
			);
			path = Todoey;
			sourceTree = "<group>";
		};
		899439B124A56D38005EB130 /* Model */ = {
			isa = PBXGroup;
			children = (
				8924535724A6271200CBEA6F /* DataModel.xcdatamodeld */,
			);
			path = Model;
			sourceTree = "<group>";
		};
		899439B224A56D46005EB130 /* Controller */ = {
			isa = PBXGroup;
			children = (
				8924535A24A63FF100CBEA6F /* CategoryViewController.swift */,
				8909CE2124A554B100B415CC /* TodoListViewController.swift */,
			);
			path = Controller;
			sourceTree = "<group>";
		};
		899439B324A56D53005EB130 /* View */ = {
			isa = PBXGroup;
			children = (
				8909CE2324A554B100B415CC /* Main.storyboard */,
			);
			path = View;
			sourceTree = "<group>";
		};
		899439B424A56D63005EB130 /* Supporting Files */ = {
			isa = PBXGroup;
			children = (
				8909CE2624A554B200B415CC /* Assets.xcassets */,
				8909CE2824A554B200B415CC /* LaunchScreen.storyboard */,
			);
			path = "Supporting Files";
			sourceTree = "<group>";
		};
/* End PBXGroup section */

/* Begin PBXNativeTarget section */
		8909CE1924A554B000B415CC /* Todoey */ = {
			isa = PBXNativeTarget;
			buildConfigurationList = 8909CE2E24A554B200B415CC /* Build configuration list for PBXNativeTarget "Todoey" */;
			buildPhases = (
				8909CE1624A554B000B415CC /* Sources */,
				8909CE1724A554B000B415CC /* Frameworks */,
				8909CE1824A554B000B415CC /* Resources */,
			);
			buildRules = (
			);
			dependencies = (
			);
			name = Todoey;
			productName = Todoey;
			productReference = 8909CE1A24A554B000B415CC /* Todoey.app */;
			productType = "com.apple.product-type.application";
		};
/* End PBXNativeTarget section */

/* Begin PBXProject section */
		8909CE1224A554B000B415CC /* Project object */ = {
			isa = PBXProject;
			attributes = {
				LastSwiftUpdateCheck = 1140;
				LastUpgradeCheck = 1140;
				ORGANIZATIONNAME = "Wojciech Kudrynski";
				TargetAttributes = {
					8909CE1924A554B000B415CC = {
						CreatedOnToolsVersion = 11.4.1;
					};
				};
			};
			buildConfigurationList = 8909CE1524A554B000B415CC /* Build configuration list for PBXProject "Todoey" */;
			compatibilityVersion = "Xcode 9.3";
			developmentRegion = en;
			hasScannedForEncodings = 0;
			knownRegions = (
				en,
				Base,
			);
			mainGroup = 8909CE1124A554B000B415CC;
			productRefGroup = 8909CE1B24A554B000B415CC /* Products */;
			projectDirPath = "";
			projectRoot = "";
			targets = (
				8909CE1924A554B000B415CC /* Todoey */,
			);
		};
/* End PBXProject section */

/* Begin PBXResourcesBuildPhase section */
		8909CE1824A554B000B415CC /* Resources */ = {
			isa = PBXResourcesBuildPhase;
			buildActionMask = 2147483647;
			files = (
				8909CE2A24A554B200B415CC /* LaunchScreen.storyboard in Resources */,
				8909CE2724A554B200B415CC /* Assets.xcassets in Resources */,
				8909CE2524A554B100B415CC /* Main.storyboard in Resources */,
			);
			runOnlyForDeploymentPostprocessing = 0;
		};
/* End PBXResourcesBuildPhase section */

/* Begin PBXSourcesBuildPhase section */
		8909CE1624A554B000B415CC /* Sources */ = {
			isa = PBXSourcesBuildPhase;
			buildActionMask = 2147483647;
			files = (
				8924535B24A63FF100CBEA6F /* CategoryViewController.swift in Sources */,
				8924535924A6271200CBEA6F /* DataModel.xcdatamodeld in Sources */,
				8909CE2224A554B100B415CC /* TodoListViewController.swift in Sources */,
				8909CE1E24A554B100B415CC /* AppDelegate.swift in Sources */,
				8909CE2024A554B100B415CC /* SceneDelegate.swift in Sources */,
			);
			runOnlyForDeploymentPostprocessing = 0;
		};
/* End PBXSourcesBuildPhase section */

/* Begin PBXVariantGroup section */
		8909CE2324A554B100B415CC /* Main.storyboard */ = {
			isa = PBXVariantGroup;
			children = (
				8909CE2424A554B100B415CC /* Base */,
			);
			name = Main.storyboard;
			sourceTree = "<group>";
		};
		8909CE2824A554B200B415CC /* LaunchScreen.storyboard */ = {
			isa = PBXVariantGroup;
			children = (
				8909CE2924A554B200B415CC /* Base */,
			);
			name = LaunchScreen.storyboard;
			sourceTree = "<group>";
		};
/* End PBXVariantGroup section */

/* Begin XCBuildConfiguration section */
		8909CE2C24A554B200B415CC /* Debug */ = {
			isa = XCBuildConfiguration;
			buildSettings = {
				ALWAYS_SEARCH_USER_PATHS = NO;
				CLANG_ANALYZER_NONNULL = YES;
				CLANG_ANALYZER_NUMBER_OBJECT_CONVERSION = YES_AGGRESSIVE;
				CLANG_CXX_LANGUAGE_STANDARD = "gnu++14";
				CLANG_CXX_LIBRARY = "libc++";
				CLANG_ENABLE_MODULES = YES;
				CLANG_ENABLE_OBJC_ARC = YES;
				CLANG_ENABLE_OBJC_WEAK = YES;
				CLANG_WARN_BLOCK_CAPTURE_AUTORELEASING = YES;
				CLANG_WARN_BOOL_CONVERSION = YES;
				CLANG_WARN_COMMA = YES;
				CLANG_WARN_CONSTANT_CONVERSION = YES;
				CLANG_WARN_DEPRECATED_OBJC_IMPLEMENTATIONS = YES;
				CLANG_WARN_DIRECT_OBJC_ISA_USAGE = YES_ERROR;
				CLANG_WARN_DOCUMENTATION_COMMENTS = YES;
				CLANG_WARN_EMPTY_BODY = YES;
				CLANG_WARN_ENUM_CONVERSION = YES;
				CLANG_WARN_INFINITE_RECURSION = YES;
				CLANG_WARN_INT_CONVERSION = YES;
				CLANG_WARN_NON_LITERAL_NULL_CONVERSION = YES;
				CLANG_WARN_OBJC_IMPLICIT_RETAIN_SELF = YES;
				CLANG_WARN_OBJC_LITERAL_CONVERSION = YES;
				CLANG_WARN_OBJC_ROOT_CLASS = YES_ERROR;
				CLANG_WARN_RANGE_LOOP_ANALYSIS = YES;
				CLANG_WARN_STRICT_PROTOTYPES = YES;
				CLANG_WARN_SUSPICIOUS_MOVE = YES;
				CLANG_WARN_UNGUARDED_AVAILABILITY = YES_AGGRESSIVE;
				CLANG_WARN_UNREACHABLE_CODE = YES;
				CLANG_WARN__DUPLICATE_METHOD_MATCH = YES;
				COPY_PHASE_STRIP = NO;
				DEBUG_INFORMATION_FORMAT = dwarf;
				ENABLE_STRICT_OBJC_MSGSEND = YES;
				ENABLE_TESTABILITY = YES;
				GCC_C_LANGUAGE_STANDARD = gnu11;
				GCC_DYNAMIC_NO_PIC = NO;
				GCC_NO_COMMON_BLOCKS = YES;
				GCC_OPTIMIZATION_LEVEL = 0;
				GCC_PREPROCESSOR_DEFINITIONS = (
					"DEBUG=1",
					"$(inherited)",
				);
				GCC_WARN_64_TO_32_BIT_CONVERSION = YES;
				GCC_WARN_ABOUT_RETURN_TYPE = YES_ERROR;
				GCC_WARN_UNDECLARED_SELECTOR = YES;
				GCC_WARN_UNINITIALIZED_AUTOS = YES_AGGRESSIVE;
				GCC_WARN_UNUSED_FUNCTION = YES;
				GCC_WARN_UNUSED_VARIABLE = YES;
				IPHONEOS_DEPLOYMENT_TARGET = 13.4;
				MTL_ENABLE_DEBUG_INFO = INCLUDE_SOURCE;
				MTL_FAST_MATH = YES;
				ONLY_ACTIVE_ARCH = YES;
				SDKROOT = iphoneos;
				SWIFT_ACTIVE_COMPILATION_CONDITIONS = DEBUG;
				SWIFT_OPTIMIZATION_LEVEL = "-Onone";
			};
			name = Debug;
		};
		8909CE2D24A554B200B415CC /* Release */ = {
			isa = XCBuildConfiguration;
			buildSettings = {
				ALWAYS_SEARCH_USER_PATHS = NO;
				CLANG_ANALYZER_NONNULL = YES;
				CLANG_ANALYZER_NUMBER_OBJECT_CONVERSION = YES_AGGRESSIVE;
				CLANG_CXX_LANGUAGE_STANDARD = "gnu++14";
				CLANG_CXX_LIBRARY = "libc++";
				CLANG_ENABLE_MODULES = YES;
				CLANG_ENABLE_OBJC_ARC = YES;
				CLANG_ENABLE_OBJC_WEAK = YES;
				CLANG_WARN_BLOCK_CAPTURE_AUTORELEASING = YES;
				CLANG_WARN_BOOL_CONVERSION = YES;
				CLANG_WARN_COMMA = YES;
				CLANG_WARN_CONSTANT_CONVERSION = YES;
				CLANG_WARN_DEPRECATED_OBJC_IMPLEMENTATIONS = YES;
				CLANG_WARN_DIRECT_OBJC_ISA_USAGE = YES_ERROR;
				CLANG_WARN_DOCUMENTATION_COMMENTS = YES;
				CLANG_WARN_EMPTY_BODY = YES;
				CLANG_WARN_ENUM_CONVERSION = YES;
				CLANG_WARN_INFINITE_RECURSION = YES;
				CLANG_WARN_INT_CONVERSION = YES;
				CLANG_WARN_NON_LITERAL_NULL_CONVERSION = YES;
				CLANG_WARN_OBJC_IMPLICIT_RETAIN_SELF = YES;
				CLANG_WARN_OBJC_LITERAL_CONVERSION = YES;
				CLANG_WARN_OBJC_ROOT_CLASS = YES_ERROR;
				CLANG_WARN_RANGE_LOOP_ANALYSIS = YES;
				CLANG_WARN_STRICT_PROTOTYPES = YES;
				CLANG_WARN_SUSPICIOUS_MOVE = YES;
				CLANG_WARN_UNGUARDED_AVAILABILITY = YES_AGGRESSIVE;
				CLANG_WARN_UNREACHABLE_CODE = YES;
				CLANG_WARN__DUPLICATE_METHOD_MATCH = YES;
				COPY_PHASE_STRIP = NO;
				DEBUG_INFORMATION_FORMAT = "dwarf-with-dsym";
				ENABLE_NS_ASSERTIONS = NO;
				ENABLE_STRICT_OBJC_MSGSEND = YES;
				GCC_C_LANGUAGE_STANDARD = gnu11;
				GCC_NO_COMMON_BLOCKS = YES;
				GCC_WARN_64_TO_32_BIT_CONVERSION = YES;
				GCC_WARN_ABOUT_RETURN_TYPE = YES_ERROR;
				GCC_WARN_UNDECLARED_SELECTOR = YES;
				GCC_WARN_UNINITIALIZED_AUTOS = YES_AGGRESSIVE;
				GCC_WARN_UNUSED_FUNCTION = YES;
				GCC_WARN_UNUSED_VARIABLE = YES;
				IPHONEOS_DEPLOYMENT_TARGET = 13.4;
				MTL_ENABLE_DEBUG_INFO = NO;
				MTL_FAST_MATH = YES;
				SDKROOT = iphoneos;
				SWIFT_COMPILATION_MODE = wholemodule;
				SWIFT_OPTIMIZATION_LEVEL = "-O";
				VALIDATE_PRODUCT = YES;
			};
			name = Release;
		};
		8909CE2F24A554B200B415CC /* Debug */ = {
			isa = XCBuildConfiguration;
			buildSettings = {
				ASSETCATALOG_COMPILER_APPICON_NAME = AppIcon;
				CODE_SIGN_STYLE = Automatic;
				DEVELOPMENT_TEAM = 3CH58L6F73;
				INFOPLIST_FILE = Todoey/Info.plist;
				LD_RUNPATH_SEARCH_PATHS = (
					"$(inherited)",
					"@executable_path/Frameworks",
				);
				PRODUCT_BUNDLE_IDENTIFIER = com.kudrynski.Todoey;
				PRODUCT_NAME = "$(TARGET_NAME)";
				SWIFT_VERSION = 5.0;
				TARGETED_DEVICE_FAMILY = 1;
			};
			name = Debug;
		};
		8909CE3024A554B200B415CC /* Release */ = {
			isa = XCBuildConfiguration;
			buildSettings = {
				ASSETCATALOG_COMPILER_APPICON_NAME = AppIcon;
				CODE_SIGN_STYLE = Automatic;
				DEVELOPMENT_TEAM = 3CH58L6F73;
				INFOPLIST_FILE = Todoey/Info.plist;
				LD_RUNPATH_SEARCH_PATHS = (
					"$(inherited)",
					"@executable_path/Frameworks",
				);
				PRODUCT_BUNDLE_IDENTIFIER = com.kudrynski.Todoey;
				PRODUCT_NAME = "$(TARGET_NAME)";
				SWIFT_VERSION = 5.0;
				TARGETED_DEVICE_FAMILY = 1;
			};
			name = Release;
		};
/* End XCBuildConfiguration section */

/* Begin XCConfigurationList section */
		8909CE1524A554B000B415CC /* Build configuration list for PBXProject "Todoey" */ = {
			isa = XCConfigurationList;
			buildConfigurations = (
				8909CE2C24A554B200B415CC /* Debug */,
				8909CE2D24A554B200B415CC /* Release */,
			);
			defaultConfigurationIsVisible = 0;
			defaultConfigurationName = Release;
		};
		8909CE2E24A554B200B415CC /* Build configuration list for PBXNativeTarget "Todoey" */ = {
			isa = XCConfigurationList;
			buildConfigurations = (
				8909CE2F24A554B200B415CC /* Debug */,
				8909CE3024A554B200B415CC /* Release */,
			);
			defaultConfigurationIsVisible = 0;
			defaultConfigurationName = Release;
		};
/* End XCConfigurationList section */

/* Begin XCVersionGroup section */
		8924535724A6271200CBEA6F /* DataModel.xcdatamodeld */ = {
			isa = XCVersionGroup;
			children = (
				8924535824A6271200CBEA6F /* DataModel.xcdatamodel */,
			);
			currentVersion = 8924535824A6271200CBEA6F /* DataModel.xcdatamodel */;
			path = DataModel.xcdatamodeld;
			sourceTree = "<group>";
			versionGroupType = wrapper.xcdatamodel;
		};
/* End XCVersionGroup section */
	};
	rootObject = 8909CE1224A554B000B415CC /* Project object */;
}
